
Microsoft Visual Studio Solution File, Format Version 12.00
# Visual Studio Version 16
VisualStudioVersion = 16.0.31613.86
MinimumVisualStudioVersion = 10.0.40219.1
Project("{FAE04EC0-301F-11D3-BF4B-00C04F79EFBC}") = "WebAPI.Entities", "WebAPI.Entities\WebAPI.Entities.csproj", "{B63DE646-CE9E-4094-BF37-4CC9F5F8B0E6}"
EndProject
Project("{FAE04EC0-301F-11D3-BF4B-00C04F79EFBC}") = "WebAPI.Core", "WebAPI.Core\WebAPI.Core.csproj", "{6BEFB036-331B-48E8-9B1C-1BDDDC55CBB4}"
EndProject
Project("{FAE04EC0-301F-11D3-BF4B-00C04F79EFBC}") = "WebAPI.DataAccess", "WebAPI.DataAccess\WebAPI.DataAccess.csproj", "{FC40FD88-5D4E-4CF2-9BD9-8B9F60CC70E8}"
EndProject
Project("{FAE04EC0-301F-11D3-BF4B-00C04F79EFBC}") = "WebAPI.Business", "WebAPI.Business\WebAPI.Business.csproj", "{613CF4A8-691A-47F1-A40C-905BA0CED7B4}"
EndProject
Project("{FAE04EC0-301F-11D3-BF4B-00C04F79EFBC}") = "WebAPI.UI", "WebAPI.UI\WebAPI.UI.csproj", "{947E2FF3-8740-44CB-8EF1-632713B67927}"
EndProject
Global
	GlobalSection(SolutionConfigurationPlatforms) = preSolution
		Debug|Any CPU = Debug|Any CPU
		Release|Any CPU = Release|Any CPU
	EndGlobalSection
	GlobalSection(ProjectConfigurationPlatforms) = postSolution
		{B63DE646-CE9E-4094-BF37-4CC9F5F8B0E6}.Debug|Any CPU.ActiveCfg = Debug|Any CPU
		{B63DE646-CE9E-4094-BF37-4CC9F5F8B0E6}.Debug|Any CPU.Build.0 = Debug|Any CPU
		{B63DE646-CE9E-4094-BF37-4CC9F5F8B0E6}.Release|Any CPU.ActiveCfg = Release|Any CPU
		{B63DE646-CE9E-4094-BF37-4CC9F5F8B0E6}.Release|Any CPU.Build.0 = Release|Any CPU
		{6BEFB036-331B-48E8-9B1C-1BDDDC55CBB4}.Debug|Any CPU.ActiveCfg = Debug|Any CPU
		{6BEFB036-331B-48E8-9B1C-1BDDDC55CBB4}.Debug|Any CPU.Build.0 = Debug|Any CPU
		{6BEFB036-331B-48E8-9B1C-1BDDDC55CBB4}.Release|Any CPU.ActiveCfg = Release|Any CPU
		{6BEFB036-331B-48E8-9B1C-1BDDDC55CBB4}.Release|Any CPU.Build.0 = Release|Any CPU
		{FC40FD88-5D4E-4CF2-9BD9-8B9F60CC70E8}.Debug|Any CPU.ActiveCfg = Debug|Any CPU
		{FC40FD88-5D4E-4CF2-9BD9-8B9F60CC70E8}.Debug|Any CPU.Build.0 = Debug|Any CPU
		{FC40FD88-5D4E-4CF2-9BD9-8B9F60CC70E8}.Release|Any CPU.ActiveCfg = Release|Any CPU
		{FC40FD88-5D4E-4CF2-9BD9-8B9F60CC70E8}.Release|Any CPU.Build.0 = Release|Any CPU
		{613CF4A8-691A-47F1-A40C-905BA0CED7B4}.Debug|Any CPU.ActiveCfg = Debug|Any CPU
		{613CF4A8-691A-47F1-A40C-905BA0CED7B4}.Debug|Any CPU.Build.0 = Debug|Any CPU
		{613CF4A8-691A-47F1-A40C-905BA0CED7B4}.Release|Any CPU.ActiveCfg = Release|Any CPU
		{613CF4A8-691A-47F1-A40C-905BA0CED7B4}.Release|Any CPU.Build.0 = Release|Any CPU
		{947E2FF3-8740-44CB-8EF1-632713B67927}.Debug|Any CPU.ActiveCfg = Debug|Any CPU
		{947E2FF3-8740-44CB-8EF1-632713B67927}.Debug|Any CPU.Build.0 = Debug|Any CPU
		{947E2FF3-8740-44CB-8EF1-632713B67927}.Release|Any CPU.ActiveCfg = Release|Any CPU
		{947E2FF3-8740-44CB-8EF1-632713B67927}.Release|Any CPU.Build.0 = Release|Any CPU
	EndGlobalSection
	GlobalSection(SolutionProperties) = preSolution
		HideSolutionNode = FALSE
	EndGlobalSection
	GlobalSection(ExtensibilityGlobals) = postSolution
		SolutionGuid = {33424406-1D1C-4290-A4BC-5473FD1AA4A9}
	EndGlobalSection
EndGlobal
